# THIS IS AN AUTOGENERATED FILE. DO NOT EDIT THIS FILE DIRECTLY.
# yarn lockfile v1


"dependency-one@file:./dependency-one":
  version "0.0.0"
  dependencies:
    git-repo-info "^1.1.2"

"dependency-two@file:./dependency-two":
  version "0.0.0"
  dependencies:
    git-repo-info "~1.2.0"

git-repo-info@^1.1.2, git-repo-info@^1.4.1:
  version "1.4.1"
  resolved "https://registry.yarnpkg.com/git-repo-info/-/git-repo-info-1.4.1.tgz#2a072823254aaf62fcf0766007d7b6651bd41943"

git-repo-info@~1.2.0:
  version "1.2.0"
  resolved "https://registry.yarnpkg.com/git-repo-info/-/git-repo-info-1.2.0.tgz#43d8513e04a24dd441330a2f7c6655a709fdbaf2"
